// !$*UTF8*$!
{
	archiveVersion = 1;
	classes = {
	};
	objectVersion = 46;
	objects = {

/* Begin PBXBuildFile section */
		D73DEE4D19C25BBB00FF9AB7 /* AppDelegate.swift in Sources */ = {isa = PBXBuildFile; fileRef = D73DEE4C19C25BBB00FF9AB7 /* AppDelegate.swift */; };
		D73DEE4F19C25BBB00FF9AB7 /* ViewController.swift in Sources */ = {isa = PBXBuildFile; fileRef = D73DEE4E19C25BBB00FF9AB7 /* ViewController.swift */; };
		D73DEE5219C25BBB00FF9AB7 /* Main.storyboard in Resources */ = {isa = PBXBuildFile; fileRef = D73DEE5019C25BBB00FF9AB7 /* Main.storyboard */; };
		D73DEE5419C25BBB00FF9AB7 /* Images.xcassets in Resources */ = {isa = PBXBuildFile; fileRef = D73DEE5319C25BBB00FF9AB7 /* Images.xcassets */; };
		D73DEE6019C25BBB00FF9AB7 /* Muk_Jji_Bba2Tests.swift in Sources */ = {isa = PBXBuildFile; fileRef = D73DEE5F19C25BBB00FF9AB7 /* Muk_Jji_Bba2Tests.swift */; };
/* End PBXBuildFile section */

/* Begin PBXContainerItemProxy section */
		D73DEE5A19C25BBB00FF9AB7 /* PBXContainerItemProxy */ = {
			isa = PBXContainerItemProxy;
			containerPortal = D73DEE3F19C25BBB00FF9AB7 /* Project object */;
			proxyType = 1;
			remoteGlobalIDString = D73DEE4619C25BBB00FF9AB7;
			remoteInfo = "Muk Jji Bba2";
		};
/* End PBXContainerItemProxy section */

/* Begin PBXFileReference section */
		D73DEE4719C25BBB00FF9AB7 /* Muk Jji Bba2.app */ = {isa = PBXFileReference; explicitFileType = wrapper.application; includeInIndex = 0; path = "Muk Jji Bba2.app"; sourceTree = BUILT_PRODUCTS_DIR; };
		D73DEE4B19C25BBB00FF9AB7 /* Info.plist */ = {isa = PBXFileReference; lastKnownFileType = text.plist.xml; path = Info.plist; sourceTree = "<group>"; };
		D73DEE4C19C25BBB00FF9AB7 /* AppDelegate.swift */ = {isa = PBXFileReference; lastKnownFileType = sourcecode.swift; path = AppDelegate.swift; sourceTree = "<group>"; };
		D73DEE4E19C25BBB00FF9AB7 /* ViewController.swift */ = {isa = PBXFileReference; lastKnownFileType = sourcecode.swift; path = ViewController.swift; sourceTree = "<group>"; };
		D73DEE5119C25BBB00FF9AB7 /* Base */ = {isa = PBXFileReference; lastKnownFileType = file.storyboard; name = Base; path = Base.lproj/Main.storyboard; sourceTree = "<group>"; };
		D73DEE5319C25BBB00FF9AB7 /* Images.xcassets */ = {isa = PBXFileReference; lastKnownFileType = folder.assetcatalog; path = Images.xcassets; sourceTree = "<group>"; };
		D73DEE5919C25BBB00FF9AB7 /* Muk Jji Bba2Tests.xctest */ = {isa = PBXFileReference; explicitFileType = wrapper.cfbundle; includeInIndex = 0; path = "Muk Jji Bba2Tests.xctest"; sourceTree = BUILT_PRODUCTS_DIR; };
		D73DEE5E19C25BBB00FF9AB7 /* Info.plist */ = {isa = PBXFileReference; lastKnownFileType = text.plist.xml; path = Info.plist; sourceTree = "<group>"; };
		D73DEE5F19C25BBB00FF9AB7 /* Muk_Jji_Bba2Tests.swift */ = {isa = PBXFileReference; lastKnownFileType = sourcecode.swift; path = Muk_Jji_Bba2Tests.swift; sourceTree = "<group>"; };
/* End PBXFileReference section */

/* Begin PBXFrameworksBuildPhase section */
		D73DEE4419C25BBB00FF9AB7 /* Frameworks */ = {
			isa = PBXFrameworksBuildPhase;
			buildActionMask = 2147483647;
			files = (
			);
			runOnlyForDeploymentPostprocessing = 0;
		};
		D73DEE5619C25BBB00FF9AB7 /* Frameworks */ = {
			isa = PBXFrameworksBuildPhase;
			buildActionMask = 2147483647;
			files = (
			);
			runOnlyForDeploymentPostprocessing = 0;
		};
/* End PBXFrameworksBuildPhase section */

/* Begin PBXGroup section */
		D73DEE3E19C25BBB00FF9AB7 = {
			isa = PBXGroup;
			children = (
				D73DEE4919C25BBB00FF9AB7 /* Muk Jji Bba2 */,
				D73DEE5C19C25BBB00FF9AB7 /* Muk Jji Bba2Tests */,
				D73DEE4819C25BBB00FF9AB7 /* Products */,
			);
			sourceTree = "<group>";
		};
		D73DEE4819C25BBB00FF9AB7 /* Products */ = {
			isa = PBXGroup;
			children = (
				D73DEE4719C25BBB00FF9AB7 /* Muk Jji Bba2.app */,
				D73DEE5919C25BBB00FF9AB7 /* Muk Jji Bba2Tests.xctest */,
			);
			name = Products;
			sourceTree = "<group>";
		};
		D73DEE4919C25BBB00FF9AB7 /* Muk Jji Bba2 */ = {
			isa = PBXGroup;
			children = (
				D73DEE4C19C25BBB00FF9AB7 /* AppDelegate.swift */,
				D73DEE4E19C25BBB00FF9AB7 /* ViewController.swift */,
				D73DEE5019C25BBB00FF9AB7 /* Main.storyboard */,
				D73DEE5319C25BBB00FF9AB7 /* Images.xcassets */,
				D73DEE4A19C25BBB00FF9AB7 /* Supporting Files */,
			);
			path = "Muk Jji Bba2";
			sourceTree = "<group>";
		};
		D73DEE4A19C25BBB00FF9AB7 /* Supporting Files */ = {
			isa = PBXGroup;
			children = (
				D73DEE4B19C25BBB00FF9AB7 /* Info.plist */,
			);
			name = "Supporting Files";
			sourceTree = "<group>";
		};
		D73DEE5C19C25BBB00FF9AB7 /* Muk Jji Bba2Tests */ = {
			isa = PBXGroup;
			children = (
				D73DEE5F19C25BBB00FF9AB7 /* Muk_Jji_Bba2Tests.swift */,
				D73DEE5D19C25BBB00FF9AB7 /* Supporting Files */,
			);
			path = "Muk Jji Bba2Tests";
			sourceTree = "<group>";
		};
		D73DEE5D19C25BBB00FF9AB7 /* Supporting Files */ = {
			isa = PBXGroup;
			children = (
				D73DEE5E19C25BBB00FF9AB7 /* Info.plist */,
			);
			name = "Supporting Files";
			sourceTree = "<group>";
		};
/* End PBXGroup section */

/* Begin PBXNativeTarget section */
		D73DEE4619C25BBB00FF9AB7 /* Muk Jji Bba2 */ = {
			isa = PBXNativeTarget;
			buildConfigurationList = D73DEE6319C25BBB00FF9AB7 /* Build configuration list for PBXNativeTarget "Muk Jji Bba2" */;
			buildPhases = (
				D73DEE4319C25BBB00FF9AB7 /* Sources */,
				D73DEE4419C25BBB00FF9AB7 /* Frameworks */,
				D73DEE4519C25BBB00FF9AB7 /* Resources */,
			);
			buildRules = (
			);
			dependencies = (
			);
			name = "Muk Jji Bba2";
			productName = "Muk Jji Bba2";
			productReference = D73DEE4719C25BBB00FF9AB7 /* Muk Jji Bba2.app */;
			productType = "com.apple.product-type.application";
		};
		D73DEE5819C25BBB00FF9AB7 /* Muk Jji Bba2Tests */ = {
			isa = PBXNativeTarget;
			buildConfigurationList = D73DEE6619C25BBB00FF9AB7 /* Build configuration list for PBXNativeTarget "Muk Jji Bba2Tests" */;
			buildPhases = (
				D73DEE5519C25BBB00FF9AB7 /* Sources */,
				D73DEE5619C25BBB00FF9AB7 /* Frameworks */,
				D73DEE5719C25BBB00FF9AB7 /* Resources */,
			);
			buildRules = (
			);
			dependencies = (
				D73DEE5B19C25BBB00FF9AB7 /* PBXTargetDependency */,
			);
			name = "Muk Jji Bba2Tests";
			productName = "Muk Jji Bba2Tests";
			productReference = D73DEE5919C25BBB00FF9AB7 /* Muk Jji Bba2Tests.xctest */;
			productType = "com.apple.product-type.bundle.unit-test";
		};
/* End PBXNativeTarget section */

/* Begin PBXProject section */
		D73DEE3F19C25BBB00FF9AB7 /* Project object */ = {
			isa = PBXProject;
			attributes = {
				LastUpgradeCheck = 0600;
				ORGANIZATIONNAME = KevinOh;
				TargetAttributes = {
					D73DEE4619C25BBB00FF9AB7 = {
						CreatedOnToolsVersion = 6.0;
					};
					D73DEE5819C25BBB00FF9AB7 = {
						CreatedOnToolsVersion = 6.0;
						TestTargetID = D73DEE4619C25BBB00FF9AB7;
					};
				};
			};
			buildConfigurationList = D73DEE4219C25BBB00FF9AB7 /* Build configuration list for PBXProject "Muk Jji Bba2" */;
			compatibilityVersion = "Xcode 3.2";
			developmentRegion = English;
			hasScannedForEncodings = 0;
			knownRegions = (
				en,
				Base,
			);
			mainGroup = D73DEE3E19C25BBB00FF9AB7;
			productRefGroup = D73DEE4819C25BBB00FF9AB7 /* Products */;
			projectDirPath = "";
			projectRoot = "";
			targets = (
				D73DEE4619C25BBB00FF9AB7 /* Muk Jji Bba2 */,
				D73DEE5819C25BBB00FF9AB7 /* Muk Jji Bba2Tests */,
			);
		};
/* End PBXProject section */

/* Begin PBXResourcesBuildPhase section */
		D73DEE4519C25BBB00FF9AB7 /* Resources */ = {
			isa = PBXResourcesBuildPhase;
			buildActionMask = 2147483647;
			files = (
				D73DEE5219C25BBB00FF9AB7 /* Main.storyboard in Resources */,
				D73DEE5419C25BBB00FF9AB7 /* Images.xcassets in Resources */,
			);
			runOnlyForDeploymentPostprocessing = 0;
		};
		D73DEE5719C25BBB00FF9AB7 /* Resources */ = {
			isa = PBXResourcesBuildPhase;
			buildActionMask = 2147483647;
			files = (
			);
			runOnlyForDeploymentPostprocessing = 0;
		};
/* End PBXResourcesBuildPhase section */

/* Begin PBXSourcesBuildPhase section */
		D73DEE4319C25BBB00FF9AB7 /* Sources */ = {
			isa = PBXSourcesBuildPhase;
			buildActionMask = 2147483647;
			files = (
				D73DEE4F19C25BBB00FF9AB7 /* ViewController.swift in Sources */,
				D73DEE4D19C25BBB00FF9AB7 /* AppDelegate.swift in Sources */,
			);
			runOnlyForDeploymentPostprocessing = 0;
		};
		D73DEE5519C25BBB00FF9AB7 /* Sources */ = {
			isa = PBXSourcesBuildPhase;
			buildActionMask = 2147483647;
			files = (
				D73DEE6019C25BBB00FF9AB7 /* Muk_Jji_Bba2Tests.swift in Sources */,
			);
			runOnlyForDeploymentPostprocessing = 0;
		};
/* End PBXSourcesBuildPhase section */

/* Begin PBXTargetDependency section */
		D73DEE5B19C25BBB00FF9AB7 /* PBXTargetDependency */ = {
			isa = PBXTargetDependency;
			target = D73DEE4619C25BBB00FF9AB7 /* Muk Jji Bba2 */;
			targetProxy = D73DEE5A19C25BBB00FF9AB7 /* PBXContainerItemProxy */;
		};
/* End PBXTargetDependency section */

/* Begin PBXVariantGroup section */
		D73DEE5019C25BBB00FF9AB7 /* Main.storyboard */ = {
			isa = PBXVariantGroup;
			children = (
				D73DEE5119C25BBB00FF9AB7 /* Base */,
			);
			name = Main.storyboard;
			sourceTree = "<group>";
		};
/* End PBXVariantGroup section */

/* Begin XCBuildConfiguration section */
		D73DEE6119C25BBB00FF9AB7 /* Debug */ = {
			isa = XCBuildConfiguration;
			buildSettings = {
				ALWAYS_SEARCH_USER_PATHS = NO;
				CLANG_CXX_LANGUAGE_STANDARD = "gnu++0x";
				CLANG_CXX_LIBRARY = "libc++";
				CLANG_ENABLE_MODULES = YES;
				CLANG_ENABLE_OBJC_ARC = YES;
				CLANG_WARN_BOOL_CONVERSION = YES;
				CLANG_WARN_CONSTANT_CONVERSION = YES;
				CLANG_WARN_DIRECT_OBJC_ISA_USAGE = YES_ERROR;
				CLANG_WARN_EMPTY_BODY = YES;
				CLANG_WARN_ENUM_CONVERSION = YES;
				CLANG_WARN_INT_CONVERSION = YES;
				CLANG_WARN_OBJC_ROOT_CLASS = YES_ERROR;
				CLANG_WARN_UNREACHABLE_CODE = YES;
				CLANG_WARN__DUPLICATE_METHOD_MATCH = YES;
				"CODE_SIGN_IDENTITY[sdk=iphoneos*]" = "iPhone Developer";
				COPY_PHASE_STRIP = NO;
				ENABLE_STRICT_OBJC_MSGSEND = YES;
				GCC_C_LANGUAGE_STANDARD = gnu99;
				GCC_DYNAMIC_NO_PIC = NO;
				GCC_OPTIMIZATION_LEVEL = 0;
				GCC_PREPROCESSOR_DEFINITIONS = (
					"DEBUG=1",
					"$(inherited)",
				);
				GCC_SYMBOLS_PRIVATE_EXTERN = NO;
				GCC_WARN_64_TO_32_BIT_CONVERSION = YES;
				GCC_WARN_ABOUT_RETURN_TYPE = YES_ERROR;
				GCC_WARN_UNDECLARED_SELECTOR = YES;
				GCC_WARN_UNINITIALIZED_AUTOS = YES_AGGRESSIVE;
				GCC_WARN_UNUSED_FUNCTION = YES;
				GCC_WARN_UNUSED_VARIABLE = YES;
				IPHONEOS_DEPLOYMENT_TARGET = 8.0;
				MTL_ENABLE_DEBUG_INFO = YES;
				ONLY_ACTIVE_ARCH = YES;
				SDKROOT = iphoneos;
				SWIFT_OPTIMIZATION_LEVEL = "-Onone";
				TARGETED_DEVICE_FAMILY = "1,2";
			};
			name = Debug;
		};
		D73DEE6219C25BBB00FF9AB7 /* Release */ = {
			isa = XCBuildConfiguration;
			buildSettings = {
				ALWAYS_SEARCH_USER_PATHS = NO;
				CLANG_CXX_LANGUAGE_STANDARD = "gnu++0x";
				CLANG_CXX_LIBRARY = "libc++";
				CLANG_ENABLE_MODULES = YES;
				CLANG_ENABLE_OBJC_ARC = YES;
				CLANG_WARN_BOOL_CONVERSION = YES;
				CLANG_WARN_CONSTANT_CONVERSION = YES;
				CLANG_WARN_DIRECT_OBJC_ISA_USAGE = YES_ERROR;
				CLANG_WARN_EMPTY_BODY = YES;
				CLANG_WARN_ENUM_CONVERSION = YES;
				CLANG_WARN_INT_CONVERSION = YES;
				CLANG_WARN_OBJC_ROOT_CLASS = YES_ERROR;
				CLANG_WARN_UNREACHABLE_CODE = YES;
				CLANG_WARN__DUPLICATE_METHOD_MATCH = YES;
				"CODE_SIGN_IDENTITY[sdk=iphoneos*]" = "iPhone Developer";
				COPY_PHASE_STRIP = YES;
				ENABLE_NS_ASSERTIONS = NO;
				ENABLE_STRICT_OBJC_MSGSEND = YES;
				GCC_C_LANGUAGE_STANDARD = gnu99;
				GCC_WARN_64_TO_32_BIT_CONVERSION = YES;
				GCC_WARN_ABOUT_RETURN_TYPE = YES_ERROR;
				GCC_WARN_UNDECLARED_SELECTOR = YES;
				GCC_WARN_UNINITIALIZED_AUTOS = YES_AGGRESSIVE;
				GCC_WARN_UNUSED_FUNCTION = YES;
				GCC_WARN_UNUSED_VARIABLE = YES;
				IPHONEOS_DEPLOYMENT_TARGET = 8.0;
				MTL_ENABLE_DEBUG_INFO = NO;
				SDKROOT = iphoneos;
				TARGETED_DEVICE_FAMILY = "1,2";
				VALIDATE_PRODUCT = YES;
			};
			name = Release;
		};
		D73DEE6419C25BBB00FF9AB7 /* Debug */ = {
			isa = XCBuildConfiguration;
			buildSettings = {
				ASSETCATALOG_COMPILER_APPICON_NAME = AppIcon;
				ASSETCATALOG_COMPILER_LAUNCHIMAGE_NAME = LaunchImage;
				INFOPLIST_FILE = "Muk Jji Bba2/Info.plist";
				LD_RUNPATH_SEARCH_PATHS = "$(inherited) @executable_path/Frameworks";
				PRODUCT_NAME = "$(TARGET_NAME)";
			};
			name = Debug;
		};
		D73DEE6519C25BBB00FF9AB7 /* Release */ = {
			isa = XCBuildConfiguration;
			buildSettings = {
				ASSETCATALOG_COMPILER_APPICON_NAME = AppIcon;
				ASSETCATALOG_COMPILER_LAUNCHIMAGE_NAME = LaunchImage;
				INFOPLIST_FILE = "Muk Jji Bba2/Info.plist";
				LD_RUNPATH_SEARCH_PATHS = "$(inherited) @executable_path/Frameworks";
				PRODUCT_NAME = "$(TARGET_NAME)";
			};
			name = Release;
		};
		D73DEE6719C25BBB00FF9AB7 /* Debug */ = {
			isa = XCBuildConfiguration;
			buildSettings = {
				BUNDLE_LOADER = "$(TEST_HOST)";
				FRAMEWORK_SEARCH_PATHS = (
					"$(SDKROOT)/Developer/Library/Frameworks",
					"$(inherited)",
				);
				GCC_PREPROCESSOR_DEFINITIONS = (
					"DEBUG=1",
					"$(inherited)",
				);
				INFOPLIST_FILE = "Muk Jji Bba2Tests/Info.plist";
				LD_RUNPATH_SEARCH_PATHS = "$(inherited) @executable_path/Frameworks @loader_path/Frameworks";
				PRODUCT_NAME = "$(TARGET_NAME)";
				TEST_HOST = "$(BUILT_PRODUCTS_DIR)/Muk Jji Bba2.app/Muk Jji Bba2";
			};
			name = Debug;
		};
		D73DEE6819C25BBB00FF9AB7 /* Release */ = {
			isa = XCBuildConfiguration;
			buildSettings = {
				BUNDLE_LOADER = "$(TEST_HOST)";
				FRAMEWORK_SEARCH_PATHS = (
					"$(SDKROOT)/Developer/Library/Frameworks",
					"$(inherited)",
				);
				INFOPLIST_FILE = "Muk Jji Bba2Tests/Info.plist";
				LD_RUNPATH_SEARCH_PATHS = "$(inherited) @executable_path/Frameworks @loader_path/Frameworks";
				PRODUCT_NAME = "$(TARGET_NAME)";
				TEST_HOST = "$(BUILT_PRODUCTS_DIR)/Muk Jji Bba2.app/Muk Jji Bba2";
			};
			name = Release;
		};
/* End XCBuildConfiguration section */

/* Begin XCConfigurationList section */
		D73DEE4219C25BBB00FF9AB7 /* Build configuration list for PBXProject "Muk Jji Bba2" */ = {
			isa = XCConfigurationList;
			buildConfigurations = (
				D73DEE6119C25BBB00FF9AB7 /* Debug */,
				D73DEE6219C25BBB00FF9AB7 /* Release */,
			);
			defaultConfigurationIsVisible = 0;
			defaultConfigurationName = Release;
		};
		D73DEE6319C25BBB00FF9AB7 /* Build configuration list for PBXNativeTarget "Muk Jji Bba2" */ = {
			isa = XCConfigurationList;
			buildConfigurations = (
				D73DEE6419C25BBB00FF9AB7 /* Debug */,
				D73DEE6519C25BBB00FF9AB7 /* Release */,
			);
			defaultConfigurationIsVisible = 0;
		};
		D73DEE6619C25BBB00FF9AB7 /* Build configuration list for PBXNativeTarget "Muk Jji Bba2Tests" */ = {
			isa = XCConfigurationList;
			buildConfigurations = (
				D73DEE6719C25BBB00FF9AB7 /* Debug */,
				D73DEE6819C25BBB00FF9AB7 /* Release */,
			);
			defaultConfigurationIsVisible = 0;
		};
/* End XCConfigurationList section */
	};
	rootObject = D73DEE3F19C25BBB00FF9AB7 /* Project object */;
}
